
Microsoft Visual Studio Solution File, Format Version 12.00
# Visual Studio 14
VisualStudioVersion = 14.0.23107.0
MinimumVisualStudioVersion = 10.0.40219.1
Project("{FAE04EC0-301F-11D3-BF4B-00C04F79EFBC}") = "XCDR", "XCDR\XCDR.csproj", "{8974A1A2-5092-4EEC-9F65-9B9BC5A73B99}"
EndProject
Project("{FAE04EC0-301F-11D3-BF4B-00C04F79EFBC}") = "XCDR.Utils", "XCDR.Utils\XCDR.Utils.csproj", "{993391AE-D72F-43EE-9E7B-CB30CFFE523D}"
EndProject
Global
	GlobalSection(SolutionConfigurationPlatforms) = preSolution
		Debug|Any CPU = Debug|Any CPU
		Release|Any CPU = Release|Any CPU
	EndGlobalSection
	GlobalSection(ProjectConfigurationPlatforms) = postSolution
		{8974A1A2-5092-4EEC-9F65-9B9BC5A73B99}.Debug|Any CPU.ActiveCfg = Debug|Any CPU
		{8974A1A2-5092-4EEC-9F65-9B9BC5A73B99}.Debug|Any CPU.Build.0 = Debug|Any CPU
		{8974A1A2-5092-4EEC-9F65-9B9BC5A73B99}.Release|Any CPU.ActiveCfg = Release|Any CPU
		{8974A1A2-5092-4EEC-9F65-9B9BC5A73B99}.Release|Any CPU.Build.0 = Release|Any CPU
		{993391AE-D72F-43EE-9E7B-CB30CFFE523D}.Debug|Any CPU.ActiveCfg = Debug|Any CPU
		{993391AE-D72F-43EE-9E7B-CB30CFFE523D}.Debug|Any CPU.Build.0 = Debug|Any CPU
		{993391AE-D72F-43EE-9E7B-CB30CFFE523D}.Release|Any CPU.ActiveCfg = Release|Any CPU
		{993391AE-D72F-43EE-9E7B-CB30CFFE523D}.Release|Any CPU.Build.0 = Release|Any CPU
	EndGlobalSection
	GlobalSection(SolutionProperties) = preSolution
		HideSolutionNode = FALSE
	EndGlobalSection
EndGlobal
